
Microsoft Visual Studio Solution File, Format Version 12.00
# Visual Studio 14
VisualStudioVersion = 14.0.25420.1
MinimumVisualStudioVersion = 10.0.40219.1
Project("{2150E333-8FDC-42A3-9474-1A3956D46DE8}") = "src", "src", "{CE0C6269-77C5-4178-BD73-A68054955872}"
EndProject
Project("{2150E333-8FDC-42A3-9474-1A3956D46DE8}") = "Solution Items", "Solution Items", "{98E0A726-E4A2-4FF4-B055-213C0CA5C9B2}"
	ProjectSection(SolutionItems) = preProject
		global.json = global.json
	EndProjectSection
EndProject
Project("{8BB2217D-0F2D-49D1-97BC-3654ED321F3B}") = "DotNetCore.Servicos.WebApi", "src\DotNetCoreTest\DotNetCore.Servicos.WebApi.xproj", "{DA728599-5677-435E-B908-B91E5AAA4BE7}"
EndProject
Project("{8BB2217D-0F2D-49D1-97BC-3654ED321F3B}") = "DotNetCore.Dominio", "src\Dominio\DotNetCore.Dominio.xproj", "{2DCC7F0D-4A48-4D4F-A715-2D63190F43EA}"
EndProject
Project("{2150E333-8FDC-42A3-9474-1A3956D46DE8}") = "2 - Aplicacao", "2 - Aplicacao", "{8837A920-A65E-4E3C-8CA7-4968198BDF7A}"
EndProject
Project("{2150E333-8FDC-42A3-9474-1A3956D46DE8}") = "1 - Apresentacao", "1 - Apresentacao", "{AE699FA3-15EA-4FF8-BFF2-677DBE786015}"
EndProject
Project("{2150E333-8FDC-42A3-9474-1A3956D46DE8}") = "4 - Dominio", "4 - Dominio", "{0466D99A-B473-44E5-AF11-69B40BE6200D}"
EndProject
Project("{2150E333-8FDC-42A3-9474-1A3956D46DE8}") = "5 - Infra", "5 - Infra", "{F83E11A6-66E4-48D3-A90E-88A6F429BF69}"
EndProject
Project("{2150E333-8FDC-42A3-9474-1A3956D46DE8}") = "9 - Tests", "9 - Tests", "{B3A7F312-BEBA-4E44-BE28-A63542B567A4}"
EndProject
Project("{8BB2217D-0F2D-49D1-97BC-3654ED321F3B}") = "DotNetCore.Apresentacao.WebMvc", "WebMvc\DotNetCore.Apresentacao.WebMvc.xproj", "{A28779A7-A372-4CDD-9060-731994F8DF8F}"
EndProject
Project("{2150E333-8FDC-42A3-9474-1A3956D46DE8}") = "5.1 - Dados", "5.1 - Dados", "{AB2756C5-8250-4BF1-B660-E5E6F9AE0507}"
EndProject
Project("{2150E333-8FDC-42A3-9474-1A3956D46DE8}") = "5.2 - CrossCutting", "5.2 - CrossCutting", "{A1B561C2-2BF7-4809-B5DF-091FA548B795}"
EndProject
Project("{2150E333-8FDC-42A3-9474-1A3956D46DE8}") = "3 - Servicos", "3 - Servicos", "{38B8FD68-0329-4391-B447-7CC3ED139785}"
EndProject
Project("{8BB2217D-0F2D-49D1-97BC-3654ED321F3B}") = "DotNetCore.Infra.Dados", "DotNetCore.Infra.Repositorio\DotNetCore.Infra.Dados.xproj", "{A93A3F5D-514F-4691-800F-2A5353ACC056}"
EndProject
Project("{8BB2217D-0F2D-49D1-97BC-3654ED321F3B}") = "DotNetCore.Infra.CrossCutting.IoC", "DotNetCore.Infra.CrossCutting.IoC\DotNetCore.Infra.CrossCutting.IoC.xproj", "{D6AF2A37-414D-43A9-B0AD-579566941200}"
EndProject
Global
	GlobalSection(SolutionConfigurationPlatforms) = preSolution
		Debug|Any CPU = Debug|Any CPU
		Release|Any CPU = Release|Any CPU
	EndGlobalSection
	GlobalSection(ProjectConfigurationPlatforms) = postSolution
		{DA728599-5677-435E-B908-B91E5AAA4BE7}.Debug|Any CPU.ActiveCfg = Debug|Any CPU
		{DA728599-5677-435E-B908-B91E5AAA4BE7}.Debug|Any CPU.Build.0 = Debug|Any CPU
		{DA728599-5677-435E-B908-B91E5AAA4BE7}.Release|Any CPU.ActiveCfg = Release|Any CPU
		{DA728599-5677-435E-B908-B91E5AAA4BE7}.Release|Any CPU.Build.0 = Release|Any CPU
		{2DCC7F0D-4A48-4D4F-A715-2D63190F43EA}.Debug|Any CPU.ActiveCfg = Debug|Any CPU
		{2DCC7F0D-4A48-4D4F-A715-2D63190F43EA}.Debug|Any CPU.Build.0 = Debug|Any CPU
		{2DCC7F0D-4A48-4D4F-A715-2D63190F43EA}.Release|Any CPU.ActiveCfg = Release|Any CPU
		{2DCC7F0D-4A48-4D4F-A715-2D63190F43EA}.Release|Any CPU.Build.0 = Release|Any CPU
		{A28779A7-A372-4CDD-9060-731994F8DF8F}.Debug|Any CPU.ActiveCfg = Debug|Any CPU
		{A28779A7-A372-4CDD-9060-731994F8DF8F}.Debug|Any CPU.Build.0 = Debug|Any CPU
		{A28779A7-A372-4CDD-9060-731994F8DF8F}.Release|Any CPU.ActiveCfg = Release|Any CPU
		{A28779A7-A372-4CDD-9060-731994F8DF8F}.Release|Any CPU.Build.0 = Release|Any CPU
		{A93A3F5D-514F-4691-800F-2A5353ACC056}.Debug|Any CPU.ActiveCfg = Debug|Any CPU
		{A93A3F5D-514F-4691-800F-2A5353ACC056}.Debug|Any CPU.Build.0 = Debug|Any CPU
		{A93A3F5D-514F-4691-800F-2A5353ACC056}.Release|Any CPU.ActiveCfg = Release|Any CPU
		{A93A3F5D-514F-4691-800F-2A5353ACC056}.Release|Any CPU.Build.0 = Release|Any CPU
		{D6AF2A37-414D-43A9-B0AD-579566941200}.Debug|Any CPU.ActiveCfg = Debug|Any CPU
		{D6AF2A37-414D-43A9-B0AD-579566941200}.Debug|Any CPU.Build.0 = Debug|Any CPU
		{D6AF2A37-414D-43A9-B0AD-579566941200}.Release|Any CPU.ActiveCfg = Release|Any CPU
		{D6AF2A37-414D-43A9-B0AD-579566941200}.Release|Any CPU.Build.0 = Release|Any CPU
	EndGlobalSection
	GlobalSection(SolutionProperties) = preSolution
		HideSolutionNode = FALSE
	EndGlobalSection
	GlobalSection(NestedProjects) = preSolution
		{DA728599-5677-435E-B908-B91E5AAA4BE7} = {38B8FD68-0329-4391-B447-7CC3ED139785}
		{2DCC7F0D-4A48-4D4F-A715-2D63190F43EA} = {0466D99A-B473-44E5-AF11-69B40BE6200D}
		{8837A920-A65E-4E3C-8CA7-4968198BDF7A} = {CE0C6269-77C5-4178-BD73-A68054955872}
		{AE699FA3-15EA-4FF8-BFF2-677DBE786015} = {CE0C6269-77C5-4178-BD73-A68054955872}
		{0466D99A-B473-44E5-AF11-69B40BE6200D} = {CE0C6269-77C5-4178-BD73-A68054955872}
		{F83E11A6-66E4-48D3-A90E-88A6F429BF69} = {CE0C6269-77C5-4178-BD73-A68054955872}
		{B3A7F312-BEBA-4E44-BE28-A63542B567A4} = {CE0C6269-77C5-4178-BD73-A68054955872}
		{A28779A7-A372-4CDD-9060-731994F8DF8F} = {AE699FA3-15EA-4FF8-BFF2-677DBE786015}
		{AB2756C5-8250-4BF1-B660-E5E6F9AE0507} = {F83E11A6-66E4-48D3-A90E-88A6F429BF69}
		{A1B561C2-2BF7-4809-B5DF-091FA548B795} = {F83E11A6-66E4-48D3-A90E-88A6F429BF69}
		{38B8FD68-0329-4391-B447-7CC3ED139785} = {CE0C6269-77C5-4178-BD73-A68054955872}
		{A93A3F5D-514F-4691-800F-2A5353ACC056} = {AB2756C5-8250-4BF1-B660-E5E6F9AE0507}
		{D6AF2A37-414D-43A9-B0AD-579566941200} = {A1B561C2-2BF7-4809-B5DF-091FA548B795}
	EndGlobalSection
EndGlobal
